
Microsoft Visual Studio Solution File, Format Version 12.00
# Visual Studio Version 17
VisualStudioVersion = 17.6.33829.357
MinimumVisualStudioVersion = 10.0.40219.1
Project("{FAE04EC0-301F-11D3-BF4B-00C04F79EFBC}") = "GuessNumber", "GuessNumber.csproj", "{1FBDA630-7F30-4BA2-B7AF-1777ED8867BF}"
EndProject
Global
	GlobalSection(SolutionConfigurationPlatforms) = preSolution
		Debug|Any CPU = Debug|Any CPU
		Release|Any CPU = Release|Any CPU
	EndGlobalSection
	GlobalSection(ProjectConfigurationPlatforms) = postSolution
		{1FBDA630-7F30-4BA2-B7AF-1777ED8867BF}.Debug|Any CPU.ActiveCfg = Debug|Any CPU
		{1FBDA630-7F30-4BA2-B7AF-1777ED8867BF}.Debug|Any CPU.Build.0 = Debug|Any CPU
		{1FBDA630-7F30-4BA2-B7AF-1777ED8867BF}.Release|Any CPU.ActiveCfg = Release|Any CPU
		{1FBDA630-7F30-4BA2-B7AF-1777ED8867BF}.Release|Any CPU.Build.0 = Release|Any CPU
	EndGlobalSection
	GlobalSection(SolutionProperties) = preSolution
		HideSolutionNode = FALSE
	EndGlobalSection
	GlobalSection(ExtensibilityGlobals) = postSolution
		SolutionGuid = {3A9FD22D-1A80-4E9F-AF53-A820A0E5B9E5}
	EndGlobalSection
EndGlobal
